
Microsoft Visual Studio Solution File, Format Version 12.00
# Visual Studio 2012
Project("{FAE04EC0-301F-11D3-BF4B-00C04F79EFBC}") = "OffLineApp", "OffLineApp\OffLineApp.csproj", "{A512AAD5-783C-49C0-9AB5-9AA66D0E2F44}"
EndProject
Project("{FAE04EC0-301F-11D3-BF4B-00C04F79EFBC}") = "OffLineApp.iOS", "iOS\OffLineApp.iOS.csproj", "{8DA1CBA3-BA0A-4C11-8BE2-57A38D4E845F}"
EndProject
Project("{FAE04EC0-301F-11D3-BF4B-00C04F79EFBC}") = "OffLineApp.Droid", "Droid\OffLineApp.Droid.csproj", "{29C768C4-CCDF-426A-9B61-9546D6495B1C}"
EndProject
Global
	GlobalSection(SolutionConfigurationPlatforms) = preSolution
		Debug|Any CPU = Debug|Any CPU
		Release|Any CPU = Release|Any CPU
		Debug|iPhoneSimulator = Debug|iPhoneSimulator
		Release|iPhone = Release|iPhone
		Release|iPhoneSimulator = Release|iPhoneSimulator
		Debug|iPhone = Debug|iPhone
	EndGlobalSection
	GlobalSection(ProjectConfigurationPlatforms) = postSolution
		{A512AAD5-783C-49C0-9AB5-9AA66D0E2F44}.Debug|Any CPU.ActiveCfg = Debug|Any CPU
		{A512AAD5-783C-49C0-9AB5-9AA66D0E2F44}.Debug|Any CPU.Build.0 = Debug|Any CPU
		{A512AAD5-783C-49C0-9AB5-9AA66D0E2F44}.Release|Any CPU.ActiveCfg = Release|Any CPU
		{A512AAD5-783C-49C0-9AB5-9AA66D0E2F44}.Release|Any CPU.Build.0 = Release|Any CPU
		{A512AAD5-783C-49C0-9AB5-9AA66D0E2F44}.Debug|iPhoneSimulator.ActiveCfg = Debug|Any CPU
		{A512AAD5-783C-49C0-9AB5-9AA66D0E2F44}.Debug|iPhoneSimulator.Build.0 = Debug|Any CPU
		{A512AAD5-783C-49C0-9AB5-9AA66D0E2F44}.Release|iPhone.ActiveCfg = Release|Any CPU
		{A512AAD5-783C-49C0-9AB5-9AA66D0E2F44}.Release|iPhone.Build.0 = Release|Any CPU
		{A512AAD5-783C-49C0-9AB5-9AA66D0E2F44}.Release|iPhoneSimulator.ActiveCfg = Release|Any CPU
		{A512AAD5-783C-49C0-9AB5-9AA66D0E2F44}.Release|iPhoneSimulator.Build.0 = Release|Any CPU
		{A512AAD5-783C-49C0-9AB5-9AA66D0E2F44}.Debug|iPhone.ActiveCfg = Debug|Any CPU
		{A512AAD5-783C-49C0-9AB5-9AA66D0E2F44}.Debug|iPhone.Build.0 = Debug|Any CPU
		{8DA1CBA3-BA0A-4C11-8BE2-57A38D4E845F}.Debug|Any CPU.ActiveCfg = Debug|iPhoneSimulator
		{8DA1CBA3-BA0A-4C11-8BE2-57A38D4E845F}.Debug|Any CPU.Build.0 = Debug|iPhoneSimulator
		{8DA1CBA3-BA0A-4C11-8BE2-57A38D4E845F}.Release|Any CPU.ActiveCfg = Debug|iPhoneSimulator
		{8DA1CBA3-BA0A-4C11-8BE2-57A38D4E845F}.Release|Any CPU.Build.0 = Debug|iPhoneSimulator
		{8DA1CBA3-BA0A-4C11-8BE2-57A38D4E845F}.Debug|iPhoneSimulator.ActiveCfg = Debug|iPhoneSimulator
		{8DA1CBA3-BA0A-4C11-8BE2-57A38D4E845F}.Debug|iPhoneSimulator.Build.0 = Debug|iPhoneSimulator
		{8DA1CBA3-BA0A-4C11-8BE2-57A38D4E845F}.Release|iPhone.ActiveCfg = Release|iPhone
		{8DA1CBA3-BA0A-4C11-8BE2-57A38D4E845F}.Release|iPhone.Build.0 = Release|iPhone
		{8DA1CBA3-BA0A-4C11-8BE2-57A38D4E845F}.Release|iPhoneSimulator.ActiveCfg = Release|iPhoneSimulator
		{8DA1CBA3-BA0A-4C11-8BE2-57A38D4E845F}.Release|iPhoneSimulator.Build.0 = Release|iPhoneSimulator
		{8DA1CBA3-BA0A-4C11-8BE2-57A38D4E845F}.Debug|iPhone.ActiveCfg = Debug|iPhone
		{8DA1CBA3-BA0A-4C11-8BE2-57A38D4E845F}.Debug|iPhone.Build.0 = Debug|iPhone
		{29C768C4-CCDF-426A-9B61-9546D6495B1C}.Debug|Any CPU.ActiveCfg = Debug|Any CPU
		{29C768C4-CCDF-426A-9B61-9546D6495B1C}.Debug|Any CPU.Build.0 = Debug|Any CPU
		{29C768C4-CCDF-426A-9B61-9546D6495B1C}.Release|Any CPU.ActiveCfg = Release|Any CPU
		{29C768C4-CCDF-426A-9B61-9546D6495B1C}.Release|Any CPU.Build.0 = Release|Any CPU
		{29C768C4-CCDF-426A-9B61-9546D6495B1C}.Debug|iPhoneSimulator.ActiveCfg = Debug|Any CPU
		{29C768C4-CCDF-426A-9B61-9546D6495B1C}.Debug|iPhoneSimulator.Build.0 = Debug|Any CPU
		{29C768C4-CCDF-426A-9B61-9546D6495B1C}.Release|iPhone.ActiveCfg = Release|Any CPU
		{29C768C4-CCDF-426A-9B61-9546D6495B1C}.Release|iPhone.Build.0 = Release|Any CPU
		{29C768C4-CCDF-426A-9B61-9546D6495B1C}.Release|iPhoneSimulator.ActiveCfg = Release|Any CPU
		{29C768C4-CCDF-426A-9B61-9546D6495B1C}.Release|iPhoneSimulator.Build.0 = Release|Any CPU
		{29C768C4-CCDF-426A-9B61-9546D6495B1C}.Debug|iPhone.ActiveCfg = Debug|Any CPU
		{29C768C4-CCDF-426A-9B61-9546D6495B1C}.Debug|iPhone.Build.0 = Debug|Any CPU
	EndGlobalSection
EndGlobal
